# This file is autogenerated, do not edit; changes may be undone by the next 'dep ensure'.


[[projects]]
  digest = "1:94ffc0947c337d618b6ff5ed9abaddc1217b090c1b3a1ae4739b35b7b25851d5"
  name = "github.com/container-storage-interface/spec"
  packages = ["lib/go/csi"]
  pruneopts = "UT"
  revision = "ed0bb0e1557548aa028307f48728767cfe8f6345"
  version = "v1.0.0"

[[projects]]
  branch = "master"
  digest = "1:1ba1d79f2810270045c328ae5d674321db34e3aae468eb4233883b473c5c0467"
  name = "github.com/golang/glog"
  packages = ["."]
  pruneopts = "UT"
  revision = "23def4e6c14b4da8ac2ed8007337bc5eb5007998"

[[projects]]
  digest = "1:9cab16c200148edbdc9f314f69bf71987085f618ec107385bd6634be21d1aae8"
  name = "github.com/golang/protobuf"
  packages = [
    "descriptor",
    "proto",
    "protoc-gen-go/descriptor",
    "ptypes",
    "ptypes/any",
    "ptypes/duration",
    "ptypes/timestamp",
    "ptypes/wrappers",
  ]
  pruneopts = "UT"
  revision = "aa810b61a9c79d51363740d207bb46cf8e620ed5"
  version = "v1.2.0"

[[projects]]
  digest = "1:3a26588bc48b96825977c1b3df964f8fd842cd6860cc26370588d3563433cf11"
  name = "github.com/google/uuid"
  packages = ["."]
  pruneopts = "UT"
  revision = "d460ce9f8df2e77fb1ba55ca87fafed96c607494"
  version = "v1.0.0"

[[projects]]
  digest = "1:5f039a8e43dc5b00adee7b38e39baf6c36f607372940c11975f00ec9c5f298ae"
  name = "github.com/kubernetes-csi/csi-lib-utils"
  packages = ["protosanitizer"]
  pruneopts = "UT"
  revision = "763b95da1f9f7804ffe5e33f9aee5debf4517adf"
  version = "v0.3.0"

[[projects]]
  digest = "1:e5d0bd87abc2781d14e274807a470acd180f0499f8bf5bb18606e9ec22ad9de9"
  name = "github.com/pborman/uuid"
  packages = ["."]
  pruneopts = "UT"
  revision = "adf5a7427709b9deb95d29d3fa8a2bf9cfd388f1"
  version = "v1.2"

[[projects]]
  branch = "master"
  digest = "1:6ca51c5d8a610b3da56856df7a8f8f3e075eba8d5f7a4acbadd79b2d2a368054"
  name = "golang.org/x/net"
  packages = [
    "context",
    "http/httpguts",
    "http2",
    "http2/hpack",
    "idna",
    "internal/timeseries",
    "trace",
  ]
  pruneopts = "UT"
  revision = "88d92db4c548972d942ac2a3531a8a9a34c82ca6"

[[projects]]
  branch = "master"
  digest = "1:7ba061af4131fb44b30448572acd0d6fefbf63a61b97b7ef1dea0be5871c2742"
  name = "golang.org/x/sys"
  packages = ["unix"]
  pruneopts = "UT"
  revision = "66b7b1311ac80bbafcd2daeef9a5e6e2cd1e2399"

[[projects]]
  digest = "1:a2ab62866c75542dd18d2b069fec854577a20211d7c0ea6ae746072a1dccdd18"
  name = "golang.org/x/text"
  packages = [
    "collate",
    "collate/build",
    "internal/colltab",
    "internal/gen",
    "internal/tag",
    "internal/triegen",
    "internal/ucd",
    "language",
    "secure/bidirule",
    "transform",
    "unicode/bidi",
    "unicode/cldr",
    "unicode/norm",
    "unicode/rangetable",
  ]
  pruneopts = "UT"
  revision = "f21a4dfb5e38f5895301dc265a8def02365cc3d0"
  version = "v0.3.0"

[[projects]]
  branch = "master"
  digest = "1:56b0bca90b7e5d1facf5fbdacba23e4e0ce069d25381b8e2f70ef1e7ebfb9c1a"
  name = "google.golang.org/genproto"
  packages = ["googleapis/rpc/status"]
  pruneopts = "UT"
  revision = "b5d43981345bdb2c233eb4bf3277847b48c6fdc6"

[[projects]]
  digest = "1:c3ad9841823db6da420a5625b367913b4ff54bbe60e8e3c98bd20e243e62e2d2"
  name = "google.golang.org/grpc"
  packages = [
    ".",
    "balancer",
    "balancer/base",
    "balancer/roundrobin",
    "codes",
    "connectivity",
    "credentials",
    "encoding",
    "encoding/proto",
    "grpclog",
    "internal",
    "internal/backoff",
    "internal/channelz",
    "internal/envconfig",
    "internal/grpcrand",
    "internal/transport",
    "keepalive",
    "metadata",
    "naming",
    "peer",
    "resolver",
    "resolver/dns",
    "resolver/passthrough",
    "stats",
    "status",
    "tap",
  ]
  pruneopts = "UT"
  revision = "2e463a05d100327ca47ac218281906921038fd95"
  version = "v1.16.0"

[[projects]]
  branch = "master"
  digest = "1:69c5526be047163a9f3f1dcb879fdb6247b7afae0d4a89d531f3af06075c66db"
  name = "k8s.io/apimachinery"
  packages = [
    "pkg/types",
    "pkg/util/sets",
  ]
  pruneopts = "UT"
  revision = "2a7c9300402896b3c073f2f47df85527c94f83a0"

[[projects]]
  digest = "1:c283ca5951eb7d723d3300762f96ff94c2ea11eaceb788279e2b7327f92e4f2a"
  name = "k8s.io/klog"
  packages = ["."]
  pruneopts = "UT"
  revision = "d98d8acdac006fb39831f1b25640813fef9c314f"
  version = "v0.3.3"

[[projects]]
  digest = "1:57939f8a16b98f6f26fa269d187dd7a91e66fb71b014537c9e81d87e0fe893da"
  name = "k8s.io/kubernetes"
  packages = [
    "pkg/util/mount",
    "pkg/volume/util/volumepathhandler",
  ]
  pruneopts = "UT"
  revision = "5e53fd6bc17c0dec8434817e69b04a25d8ae0ff0"
  version = "v1.14.3"

[[projects]]
  branch = "master"
  digest = "1:e944ba2893ad2ee7401827ca1706af852a095075784d1c1c8dac048d408037fe"
  name = "k8s.io/utils"
  packages = [
    "exec",
    "io",
    "keymutex",
    "nsenter",
    "path",
  ]
  pruneopts = "UT"
  revision = "c55fbcfc754a5b2ec2fbae8fb9dcac36bdba6a12"

[solve-meta]
  analyzer-name = "dep"
  analyzer-version = 1
  input-imports = [
    "github.com/container-storage-interface/spec/lib/go/csi",
    "github.com/golang/glog",
    "github.com/golang/protobuf/ptypes",
    "github.com/golang/protobuf/ptypes/timestamp",
    "github.com/kubernetes-csi/csi-lib-utils/protosanitizer",
    "github.com/pborman/uuid",
    "golang.org/x/net/context",
    "google.golang.org/grpc",
    "google.golang.org/grpc/codes",
    "google.golang.org/grpc/status",
    "k8s.io/kubernetes/pkg/util/mount",
    "k8s.io/kubernetes/pkg/volume/util/volumepathhandler",
    "k8s.io/utils/exec",
  ]
  solver-name = "gps-cdcl"
  solver-version = 1
